
Microsoft Visual Studio Solution File, Format Version 12.00
# Visual Studio Version 17
VisualStudioVersion = 17.3.32825.248
MinimumVisualStudioVersion = 10.0.40219.1
Project("{9A19103F-16F7-4668-BE54-9A1E7A4F7556}") = "Actors", "Actors\Actors.csproj", "{50E5DAC5-CB15-4DB4-92FA-C6FBFA6EEF0D}"
EndProject
Project("{9A19103F-16F7-4668-BE54-9A1E7A4F7556}") = "UnitTests", "UnitTests\UnitTests.csproj", "{CECE58C0-57FC-48E8-9656-55F3119E90C8}"
EndProject
Project("{9A19103F-16F7-4668-BE54-9A1E7A4F7556}") = "DroneSystemAPI", "DroneSystemAPI\DroneSystemAPI.csproj", "{F1A3FAC1-C9F1-4D0A-974E-3D77E2782064}"
EndProject
Project("{9A19103F-16F7-4668-BE54-9A1E7A4F7556}") = "TerminalUI", "TerminalUI\TerminalUI.csproj", "{C0E843A8-107A-4ABC-9730-14D9F8998123}"
EndProject
Global
	GlobalSection(SolutionConfigurationPlatforms) = preSolution
		Debug|Any CPU = Debug|Any CPU
		Release|Any CPU = Release|Any CPU
	EndGlobalSection
	GlobalSection(ProjectConfigurationPlatforms) = postSolution
		{50E5DAC5-CB15-4DB4-92FA-C6FBFA6EEF0D}.Debug|Any CPU.ActiveCfg = Debug|Any CPU
		{50E5DAC5-CB15-4DB4-92FA-C6FBFA6EEF0D}.Debug|Any CPU.Build.0 = Debug|Any CPU
		{50E5DAC5-CB15-4DB4-92FA-C6FBFA6EEF0D}.Release|Any CPU.ActiveCfg = Release|Any CPU
		{50E5DAC5-CB15-4DB4-92FA-C6FBFA6EEF0D}.Release|Any CPU.Build.0 = Release|Any CPU
		{CECE58C0-57FC-48E8-9656-55F3119E90C8}.Debug|Any CPU.ActiveCfg = Debug|Any CPU
		{CECE58C0-57FC-48E8-9656-55F3119E90C8}.Debug|Any CPU.Build.0 = Debug|Any CPU
		{CECE58C0-57FC-48E8-9656-55F3119E90C8}.Release|Any CPU.ActiveCfg = Release|Any CPU
		{CECE58C0-57FC-48E8-9656-55F3119E90C8}.Release|Any CPU.Build.0 = Release|Any CPU
		{F1A3FAC1-C9F1-4D0A-974E-3D77E2782064}.Debug|Any CPU.ActiveCfg = Debug|Any CPU
		{F1A3FAC1-C9F1-4D0A-974E-3D77E2782064}.Debug|Any CPU.Build.0 = Debug|Any CPU
		{F1A3FAC1-C9F1-4D0A-974E-3D77E2782064}.Release|Any CPU.ActiveCfg = Release|Any CPU
		{F1A3FAC1-C9F1-4D0A-974E-3D77E2782064}.Release|Any CPU.Build.0 = Release|Any CPU
		{C0E843A8-107A-4ABC-9730-14D9F8998123}.Debug|Any CPU.ActiveCfg = Debug|Any CPU
		{C0E843A8-107A-4ABC-9730-14D9F8998123}.Debug|Any CPU.Build.0 = Debug|Any CPU
		{C0E843A8-107A-4ABC-9730-14D9F8998123}.Release|Any CPU.ActiveCfg = Release|Any CPU
		{C0E843A8-107A-4ABC-9730-14D9F8998123}.Release|Any CPU.Build.0 = Release|Any CPU
	EndGlobalSection
	GlobalSection(SolutionProperties) = preSolution
		HideSolutionNode = FALSE
	EndGlobalSection
	GlobalSection(ExtensibilityGlobals) = postSolution
		SolutionGuid = {8F1718A1-F9D6-42DC-8BFE-D69904022ED7}
	EndGlobalSection
EndGlobal
